
Microsoft Visual Studio Solution File, Format Version 12.00
# Visual Studio Version 17
VisualStudioVersion = 17.0.31903.59
MinimumVisualStudioVersion = 10.0.40219.1
Project("{FAE04EC0-301F-11D3-BF4B-00C04F79EFBC}") = "HelpDeskApi", "HelpDeskApi.csproj", "{706B444E-1DA0-4791-B4E7-CC0042FE4971}"
EndProject
Global
	GlobalSection(SolutionConfigurationPlatforms) = preSolution
		Debug|Any CPU = Debug|Any CPU
		Release|Any CPU = Release|Any CPU
	EndGlobalSection
	GlobalSection(SolutionProperties) = preSolution
		HideSolutionNode = FALSE
	EndGlobalSection
	GlobalSection(ProjectConfigurationPlatforms) = postSolution
		{706B444E-1DA0-4791-B4E7-CC0042FE4971}.Debug|Any CPU.ActiveCfg = Debug|Any CPU
		{706B444E-1DA0-4791-B4E7-CC0042FE4971}.Debug|Any CPU.Build.0 = Debug|Any CPU
		{706B444E-1DA0-4791-B4E7-CC0042FE4971}.Release|Any CPU.ActiveCfg = Release|Any CPU
		{706B444E-1DA0-4791-B4E7-CC0042FE4971}.Release|Any CPU.Build.0 = Release|Any CPU
	EndGlobalSection
EndGlobal
